
Microsoft Visual Studio Solution File, Format Version 12.00
# Visual Studio 14
VisualStudioVersion = 14.0.25420.1
MinimumVisualStudioVersion = 10.0.40219.1
Project("{FAE04EC0-301F-11D3-BF4B-00C04F79EFBC}") = "DocsAPI", "DocsAPI\DocsAPI.csproj", "{0D89728F-282E-4976-812F-58CCB338ED99}"
EndProject
Project("{FAE04EC0-301F-11D3-BF4B-00C04F79EFBC}") = "DocsAPITestConsumer", "Tester\DocsAPITestConsumer\DocsAPITestConsumer.csproj", "{A058594F-EE0A-43A2-BF55-7D5048812206}"
EndProject
Project("{2150E333-8FDC-42A3-9474-1A3956D46DE8}") = "DataFramework", "DataFramework", "{D2126AD7-6A6C-43C9-B4A1-E5E11A31C47D}"
EndProject
Project("{FAE04EC0-301F-11D3-BF4B-00C04F79EFBC}") = "DocsAPI.DAL", "DataFramework\DocsAPI.DAL\DocsAPI.DAL.csproj", "{ABEE8124-51BD-4EBE-B0C2-C150E88A3B36}"
EndProject
Project("{2150E333-8FDC-42A3-9474-1A3956D46DE8}") = "Tester", "Tester", "{4A33A6A9-B72D-440F-A8CA-25B597743093}"
EndProject
Project("{FAE04EC0-301F-11D3-BF4B-00C04F79EFBC}") = "DocsAPI.Entities", "DataFramework\DocsAPI.Entities\DocsAPI.Entities.csproj", "{864BB949-633A-4304-82AC-2AE174788951}"
EndProject
Global
	GlobalSection(SolutionConfigurationPlatforms) = preSolution
		Debug|Any CPU = Debug|Any CPU
		Release|Any CPU = Release|Any CPU
	EndGlobalSection
	GlobalSection(ProjectConfigurationPlatforms) = postSolution
		{0D89728F-282E-4976-812F-58CCB338ED99}.Debug|Any CPU.ActiveCfg = Debug|Any CPU
		{0D89728F-282E-4976-812F-58CCB338ED99}.Debug|Any CPU.Build.0 = Debug|Any CPU
		{0D89728F-282E-4976-812F-58CCB338ED99}.Release|Any CPU.ActiveCfg = Release|Any CPU
		{0D89728F-282E-4976-812F-58CCB338ED99}.Release|Any CPU.Build.0 = Release|Any CPU
		{A058594F-EE0A-43A2-BF55-7D5048812206}.Debug|Any CPU.ActiveCfg = Debug|Any CPU
		{A058594F-EE0A-43A2-BF55-7D5048812206}.Debug|Any CPU.Build.0 = Debug|Any CPU
		{A058594F-EE0A-43A2-BF55-7D5048812206}.Release|Any CPU.ActiveCfg = Release|Any CPU
		{A058594F-EE0A-43A2-BF55-7D5048812206}.Release|Any CPU.Build.0 = Release|Any CPU
		{ABEE8124-51BD-4EBE-B0C2-C150E88A3B36}.Debug|Any CPU.ActiveCfg = Debug|Any CPU
		{ABEE8124-51BD-4EBE-B0C2-C150E88A3B36}.Debug|Any CPU.Build.0 = Debug|Any CPU
		{ABEE8124-51BD-4EBE-B0C2-C150E88A3B36}.Release|Any CPU.ActiveCfg = Release|Any CPU
		{ABEE8124-51BD-4EBE-B0C2-C150E88A3B36}.Release|Any CPU.Build.0 = Release|Any CPU
		{864BB949-633A-4304-82AC-2AE174788951}.Debug|Any CPU.ActiveCfg = Debug|Any CPU
		{864BB949-633A-4304-82AC-2AE174788951}.Debug|Any CPU.Build.0 = Debug|Any CPU
		{864BB949-633A-4304-82AC-2AE174788951}.Release|Any CPU.ActiveCfg = Release|Any CPU
		{864BB949-633A-4304-82AC-2AE174788951}.Release|Any CPU.Build.0 = Release|Any CPU
	EndGlobalSection
	GlobalSection(SolutionProperties) = preSolution
		HideSolutionNode = FALSE
	EndGlobalSection
	GlobalSection(NestedProjects) = preSolution
		{A058594F-EE0A-43A2-BF55-7D5048812206} = {4A33A6A9-B72D-440F-A8CA-25B597743093}
		{ABEE8124-51BD-4EBE-B0C2-C150E88A3B36} = {D2126AD7-6A6C-43C9-B4A1-E5E11A31C47D}
		{864BB949-633A-4304-82AC-2AE174788951} = {D2126AD7-6A6C-43C9-B4A1-E5E11A31C47D}
	EndGlobalSection
EndGlobal
